# THIS IS AN AUTOGENERATED FILE. DO NOT EDIT THIS FILE DIRECTLY.
# yarn lockfile v1


bootstrap@^3.3.7:
  version "3.3.7"
  resolved "https://registry.yarnpkg.com/bootstrap/-/bootstrap-3.3.7.tgz#5a389394549f23330875a3b150656574f8a9eb71"

desandro-matches-selector@^2.0.0:
  version "2.0.2"
  resolved "https://registry.yarnpkg.com/desandro-matches-selector/-/desandro-matches-selector-2.0.2.tgz#717beed4dc13e7d8f3762f707a6d58a6774218e1"

ev-emitter@^1.0.0:
  version "1.1.0"
  resolved "https://registry.yarnpkg.com/ev-emitter/-/ev-emitter-1.1.0.tgz#fa32958ce319f4552a404af8ca16f159851fed84"

fizzy-ui-utils@^2.0.0:
  version "2.0.5"
  resolved "https://registry.yarnpkg.com/fizzy-ui-utils/-/fizzy-ui-utils-2.0.5.tgz#d72debc74d2c9d272dbcbb7b001707897f6c3210"
  dependencies:
    desandro-matches-selector "^2.0.0"

font-awesome@^4.7.0:
  version "4.7.0"
  resolved "https://registry.yarnpkg.com/font-awesome/-/font-awesome-4.7.0.tgz#8fa8cf0411a1a31afd07b06d2902bb9fc815a133"

get-size@^2.0.2:
  version "2.0.2"
  resolved "https://registry.yarnpkg.com/get-size/-/get-size-2.0.2.tgz#555ea98ab8732e0c021e9e23e2219adcbe398e98"

jquery@^3.2.1:
  version "3.2.1"
  resolved "https://registry.yarnpkg.com/jquery/-/jquery-3.2.1.tgz#5c4d9de652af6cd0a770154a631bba12b015c787"

masonry-layout@^4.2.0:
  version "4.2.0"
  resolved "https://registry.yarnpkg.com/masonry-layout/-/masonry-layout-4.2.0.tgz#43835c6b6e0d72eff2c31a118c8000cccc4ab965"
  dependencies:
    get-size "^2.0.2"
    outlayer "^2.1.0"

outlayer@^2.1.0:
  version "2.1.0"
  resolved "https://registry.yarnpkg.com/outlayer/-/outlayer-2.1.0.tgz#83b7beefc19becd3278c8ade988d268788d6f93d"
  dependencies:
    ev-emitter "^1.0.0"
    fizzy-ui-utils "^2.0.0"
    get-size "^2.0.2"

spectrum-colorpicker@^1.8.0:
  version "1.8.0"
  resolved "https://registry.yarnpkg.com/spectrum-colorpicker/-/spectrum-colorpicker-1.8.0.tgz#b926cf5002c0a77860b5f8351e1c093c65200107"
